
Microsoft Visual Studio Solution File, Format Version 12.00
# Visual Studio Version 16
VisualStudioVersion = 16.0.30717.126
MinimumVisualStudioVersion = 10.0.40219.1
Project("{FAE04EC0-301F-11D3-BF4B-00C04F79EFBC}") = "Authorization.Kentico.MVC", "Authorization.Kentico.MVC.csproj", "{1579DA22-99DB-421C-B55E-7A069A1E654E}"
EndProject
Global
	GlobalSection(SolutionConfigurationPlatforms) = preSolution
		Debug|Any CPU = Debug|Any CPU
		Release|Any CPU = Release|Any CPU
	EndGlobalSection
	GlobalSection(ProjectConfigurationPlatforms) = postSolution
		{1579DA22-99DB-421C-B55E-7A069A1E654E}.Debug|Any CPU.ActiveCfg = Debug|Any CPU
		{1579DA22-99DB-421C-B55E-7A069A1E654E}.Debug|Any CPU.Build.0 = Debug|Any CPU
		{1579DA22-99DB-421C-B55E-7A069A1E654E}.Release|Any CPU.ActiveCfg = Release|Any CPU
		{1579DA22-99DB-421C-B55E-7A069A1E654E}.Release|Any CPU.Build.0 = Release|Any CPU
	EndGlobalSection
	GlobalSection(SolutionProperties) = preSolution
		HideSolutionNode = FALSE
	EndGlobalSection
	GlobalSection(ExtensibilityGlobals) = postSolution
		SolutionGuid = {8539B946-5FF6-47AB-9008-6544B53A268A}
	EndGlobalSection
EndGlobal
